{
  "nodes": {
    "disko": {
      "inputs": {
        "nixpkgs": [
          "nixpkgs"
        ]
      },
      "locked": {
        "lastModified": 1705231690,
        "narHash": "sha256-PYIdQ6eb1Zs0sKM0g3y0/OHqfsMn8tjNypGjvH8WmfI=",
        "owner": "nix-community",
        "repo": "disko",
        "rev": "036d480ae895afff54da5034331950827a7f317a",
        "type": "github"
      },
      "original": {
        "owner": "nix-community",
        "repo": "disko",
        "type": "github"
      }
    },
    "dotfiles": {
      "flake": false,
      "locked": {
        "lastModified": 1705210317,
        "narHash": "sha256-XdWCjEzuapnWmR/ZnU+UKWA2rxa27/LxZf2kilUr5xA=",
        "ref": "refs/heads/master",
        "rev": "1b52f2b696fca2b11b5a439562c76a160aed7151",
        "revCount": 546,
        "submodules": true,
        "type": "git",
        "url": "https://github.com/HE7086/dotfiles"
      },
      "original": {
        "submodules": true,
        "type": "git",
        "url": "https://github.com/HE7086/dotfiles"
      }
    },
    "flake-utils": {
      "inputs": {
        "systems": "systems"
      },
      "locked": {
        "lastModified": 1701680307,
        "narHash": "sha256-kAuep2h5ajznlPMD9rnQyffWG8EM/C73lejGofXvdM8=",
        "owner": "numtide",
        "repo": "flake-utils",
        "rev": "4022d587cbbfd70fe950c1e2083a02621806a725",
        "type": "github"
      },
      "original": {
        "owner": "numtide",
        "repo": "flake-utils",
        "type": "github"
      }
    },
    "home-manager": {
      "inputs": {
        "nixpkgs": [
          "nixpkgs"
        ]
      },
      "locked": {
        "lastModified": 1705169127,
        "narHash": "sha256-j9OEtNxOIPWZWjbECVMkI1TO17SzlpHMm0LnVWKOR/g=",
        "owner": "nix-community",
        "repo": "home-manager",
        "rev": "f2942f3385f1b35cc8a1abb03a45e29c9cb4d3c8",
        "type": "github"
      },
      "original": {
        "owner": "nix-community",
        "repo": "home-manager",
        "type": "github"
      }
    },
    "nixpkgs": {
      "locked": {
        "lastModified": 1705255225,
        "narHash": "sha256-Uyrg9CMt2EAUZbI6mHZuKlDPMmY8IlTXsyKYe0vNxKk=",
        "owner": "NixOS",
        "repo": "nixpkgs",
        "rev": "38bc33ee470f11ce5f57a697893a86c8e1ccbd8e",
        "type": "github"
      },
      "original": {
        "owner": "NixOS",
        "ref": "release-23.11",
        "repo": "nixpkgs",
        "type": "github"
      }
    },
    "nixpkgs-unstable": {
      "locked": {
        "lastModified": 1705133751,
        "narHash": "sha256-rCIsyE80jgiOU78gCWN3A0wE0tR2GI5nH6MlS+HaaSQ=",
        "owner": "NixOS",
        "repo": "nixpkgs",
        "rev": "9b19f5e77dd906cb52dade0b7bd280339d2a1f3d",
        "type": "github"
      },
      "original": {
        "owner": "NixOS",
        "ref": "nixos-unstable",
        "repo": "nixpkgs",
        "type": "github"
      }
    },
    "nur": {
      "locked": {
        "lastModified": 1705265654,
        "narHash": "sha256-gQCFQP9KWl/EgU7whB0bS/GRkXt+06rX/JI8rcuBACU=",
        "owner": "nix-community",
        "repo": "NUR",
        "rev": "67ce73ba2f41b2b711738e5fd2974f35acf87acb",
        "type": "github"
      },
      "original": {
        "owner": "nix-community",
        "repo": "NUR",
        "type": "github"
      }
    },
    "root": {
      "inputs": {
        "disko": "disko",
        "dotfiles": "dotfiles",
        "flake-utils": "flake-utils",
        "home-manager": "home-manager",
        "nixpkgs": "nixpkgs",
        "nixpkgs-unstable": "nixpkgs-unstable",
        "nur": "nur",
        "sops-nix": "sops-nix"
      }
    },
    "sops-nix": {
      "inputs": {
        "nixpkgs": [
          "nixpkgs"
        ],
        "nixpkgs-stable": [
          "nixpkgs"
        ]
      },
      "locked": {
        "lastModified": 1705201153,
        "narHash": "sha256-y0/a4IMDZrc7lAkR7Gcm5R3W2iCBiARHnYZe6vkmiNE=",
        "owner": "Mic92",
        "repo": "sops-nix",
        "rev": "70dd0d521f7849338e487a219c1a07c429a66d77",
        "type": "github"
      },
      "original": {
        "owner": "Mic92",
        "repo": "sops-nix",
        "type": "github"
      }
    },
    "systems": {
      "locked": {
        "lastModified": 1681028828,
        "narHash": "sha256-Vy1rq5AaRuLzOxct8nz4T6wlgyUR7zLU309k9mBC768=",
        "owner": "nix-systems",
        "repo": "default",
        "rev": "da67096a3b9bf56a91d16901293e51ba5b49a27e",
        "type": "github"
      },
      "original": {
        "owner": "nix-systems",
        "repo": "default",
        "type": "github"
      }
    }
  },
  "root": "root",
  "version": 7
}
